
Microsoft Visual Studio Solution File, Format Version 12.00
# Visual Studio Version 17
VisualStudioVersion = 17.10.34928.147
MinimumVisualStudioVersion = 10.0.40219.1
Project("{9A19103F-16F7-4668-BE54-9A1E7A4F7556}") = "UnitTestingDemo", "UnitTestingDemo\UnitTestingDemo.csproj", "{4D4AA61C-AA0E-4162-B9D2-425957AC37EA}"
EndProject
Project("{FAE04EC0-301F-11D3-BF4B-00C04F79EFBC}") = "TestClass", "TestClass\TestClass.csproj", "{1BC4B05A-61E1-41C6-B614-56438DDA9463}"
EndProject
Global
	GlobalSection(SolutionConfigurationPlatforms) = preSolution
		Debug|Any CPU = Debug|Any CPU
		Release|Any CPU = Release|Any CPU
	EndGlobalSection
	GlobalSection(ProjectConfigurationPlatforms) = postSolution
		{4D4AA61C-AA0E-4162-B9D2-425957AC37EA}.Debug|Any CPU.ActiveCfg = Debug|Any CPU
		{4D4AA61C-AA0E-4162-B9D2-425957AC37EA}.Debug|Any CPU.Build.0 = Debug|Any CPU
		{4D4AA61C-AA0E-4162-B9D2-425957AC37EA}.Release|Any CPU.ActiveCfg = Release|Any CPU
		{4D4AA61C-AA0E-4162-B9D2-425957AC37EA}.Release|Any CPU.Build.0 = Release|Any CPU
		{1BC4B05A-61E1-41C6-B614-56438DDA9463}.Debug|Any CPU.ActiveCfg = Debug|Any CPU
		{1BC4B05A-61E1-41C6-B614-56438DDA9463}.Debug|Any CPU.Build.0 = Debug|Any CPU
		{1BC4B05A-61E1-41C6-B614-56438DDA9463}.Release|Any CPU.ActiveCfg = Release|Any CPU
		{1BC4B05A-61E1-41C6-B614-56438DDA9463}.Release|Any CPU.Build.0 = Release|Any CPU
	EndGlobalSection
	GlobalSection(SolutionProperties) = preSolution
		HideSolutionNode = FALSE
	EndGlobalSection
	GlobalSection(ExtensibilityGlobals) = postSolution
		SolutionGuid = {C0B07D91-791F-44CF-A03A-FF99995677A7}
	EndGlobalSection
EndGlobal
